
Microsoft Visual Studio Solution File, Format Version 12.00
# Visual Studio 15
VisualStudioVersion = 15.0.27703.2026
MinimumVisualStudioVersion = 10.0.40219.1
Project("{FAE04EC0-301F-11D3-BF4B-00C04F79EFBC}") = "OnBoardingFirst", "OnBoardingFirst\OnBoardingFirst.csproj", "{B9643DC8-2D1F-401B-AE2C-368FD61A014E}"
EndProject
Global
	GlobalSection(SolutionConfigurationPlatforms) = preSolution
		Debug|Any CPU = Debug|Any CPU
		Release|Any CPU = Release|Any CPU
	EndGlobalSection
	GlobalSection(ProjectConfigurationPlatforms) = postSolution
		{B9643DC8-2D1F-401B-AE2C-368FD61A014E}.Debug|Any CPU.ActiveCfg = Debug|Any CPU
		{B9643DC8-2D1F-401B-AE2C-368FD61A014E}.Debug|Any CPU.Build.0 = Debug|Any CPU
		{B9643DC8-2D1F-401B-AE2C-368FD61A014E}.Release|Any CPU.ActiveCfg = Release|Any CPU
		{B9643DC8-2D1F-401B-AE2C-368FD61A014E}.Release|Any CPU.Build.0 = Release|Any CPU
	EndGlobalSection
	GlobalSection(SolutionProperties) = preSolution
		HideSolutionNode = FALSE
	EndGlobalSection
	GlobalSection(ExtensibilityGlobals) = postSolution
		SolutionGuid = {275399DC-BBC9-4C26-A212-320C6F1BB6B3}
	EndGlobalSection
EndGlobal
